
Microsoft Visual Studio Solution File, Format Version 12.00
# Visual Studio Version 17
VisualStudioVersion = 17.5.33414.496
MinimumVisualStudioVersion = 10.0.40219.1
Project("{9A19103F-16F7-4668-BE54-9A1E7A4F7556}") = "home_56", "home_56.csproj", "{C1D83A22-9F32-42C4-BB53-E51E823C1AEF}"
EndProject
Global
	GlobalSection(SolutionConfigurationPlatforms) = preSolution
		Debug|Any CPU = Debug|Any CPU
		Release|Any CPU = Release|Any CPU
	EndGlobalSection
	GlobalSection(ProjectConfigurationPlatforms) = postSolution
		{C1D83A22-9F32-42C4-BB53-E51E823C1AEF}.Debug|Any CPU.ActiveCfg = Debug|Any CPU
		{C1D83A22-9F32-42C4-BB53-E51E823C1AEF}.Debug|Any CPU.Build.0 = Debug|Any CPU
		{C1D83A22-9F32-42C4-BB53-E51E823C1AEF}.Release|Any CPU.ActiveCfg = Release|Any CPU
		{C1D83A22-9F32-42C4-BB53-E51E823C1AEF}.Release|Any CPU.Build.0 = Release|Any CPU
	EndGlobalSection
	GlobalSection(SolutionProperties) = preSolution
		HideSolutionNode = FALSE
	EndGlobalSection
	GlobalSection(ExtensibilityGlobals) = postSolution
		SolutionGuid = {0C70F5EC-8C7A-4824-B35A-1A4A29D11F3B}
	EndGlobalSection
EndGlobal
